
Microsoft Visual Studio Solution File, Format Version 12.00
# Visual Studio Version 16
VisualStudioVersion = 16.0.31112.23
MinimumVisualStudioVersion = 10.0.40219.1
Project("{9A19103F-16F7-4668-BE54-9A1E7A4F7556}") = "Yellfage.Wst", "Yellfage.Wst\Yellfage.Wst.csproj", "{0DA6949E-FFA9-4F10-B4F5-DAF6837FD31B}"
EndProject
Project("{9A19103F-16F7-4668-BE54-9A1E7A4F7556}") = "Yellfage.Wst.Samples.Echo", "Yellfage.Wst.Samples.Echo\Yellfage.Wst.Samples.Echo.csproj", "{40A28660-D31E-456C-98D1-6E1522FC2332}"
EndProject
Global
	GlobalSection(SolutionConfigurationPlatforms) = preSolution
		Debug|Any CPU = Debug|Any CPU
		Release|Any CPU = Release|Any CPU
	EndGlobalSection
	GlobalSection(ProjectConfigurationPlatforms) = postSolution
		{0DA6949E-FFA9-4F10-B4F5-DAF6837FD31B}.Debug|Any CPU.ActiveCfg = Debug|Any CPU
		{0DA6949E-FFA9-4F10-B4F5-DAF6837FD31B}.Debug|Any CPU.Build.0 = Debug|Any CPU
		{0DA6949E-FFA9-4F10-B4F5-DAF6837FD31B}.Release|Any CPU.ActiveCfg = Release|Any CPU
		{0DA6949E-FFA9-4F10-B4F5-DAF6837FD31B}.Release|Any CPU.Build.0 = Release|Any CPU
		{40A28660-D31E-456C-98D1-6E1522FC2332}.Debug|Any CPU.ActiveCfg = Debug|Any CPU
		{40A28660-D31E-456C-98D1-6E1522FC2332}.Debug|Any CPU.Build.0 = Debug|Any CPU
		{40A28660-D31E-456C-98D1-6E1522FC2332}.Release|Any CPU.ActiveCfg = Release|Any CPU
		{40A28660-D31E-456C-98D1-6E1522FC2332}.Release|Any CPU.Build.0 = Release|Any CPU
	EndGlobalSection
	GlobalSection(SolutionProperties) = preSolution
		HideSolutionNode = FALSE
	EndGlobalSection
	GlobalSection(ExtensibilityGlobals) = postSolution
		SolutionGuid = {86B86DB1-3718-416D-BEE8-6FECA27DD2BD}
	EndGlobalSection
EndGlobal
