
Microsoft Visual Studio Solution File, Format Version 12.00
# Visual Studio Version 16
VisualStudioVersion = 16.0.31112.23
MinimumVisualStudioVersion = 10.0.40219.1
Project("{9A19103F-16F7-4668-BE54-9A1E7A4F7556}") = "Yellfage.Bitflux", "Yellfage.Bitflux\Yellfage.Bitflux.csproj", "{0DA6949E-FFA9-4F10-B4F5-DAF6837FD31B}"
EndProject
Project("{9A19103F-16F7-4668-BE54-9A1E7A4F7556}") = "Yellfage.Bitflux.Sample.Echo", "..\samples\Yellfage.Bitflux.Sample.Echo\Yellfage.Bitflux.Sample.Echo.csproj", "{45738196-CE7D-4AFE-A71A-CF78E355EB62}"
EndProject
Project("{FAE04EC0-301F-11D3-BF4B-00C04F79EFBC}") = "Yellfage.Bitflux.Receptions.WebSockets", "Yellfage.Bitflux.Receptions.WebSockets\Yellfage.Bitflux.Receptions.WebSockets.csproj", "{09E4DB99-C42B-4D25-8E97-748D5649AEB9}"
EndProject
Project("{FAE04EC0-301F-11D3-BF4B-00C04F79EFBC}") = "Yellfage.Bitflux.Protocols.NewtonsoftJson", "Yellfage.Bitflux.Protocols.NewtonsoftJson\Yellfage.Bitflux.Protocols.NewtonsoftJson.csproj", "{95A62E3F-C442-4F93-8266-53C4FE5B4614}"
EndProject
Global
	GlobalSection(SolutionConfigurationPlatforms) = preSolution
		Debug|Any CPU = Debug|Any CPU
		Release|Any CPU = Release|Any CPU
	EndGlobalSection
	GlobalSection(ProjectConfigurationPlatforms) = postSolution
		{0DA6949E-FFA9-4F10-B4F5-DAF6837FD31B}.Debug|Any CPU.ActiveCfg = Debug|Any CPU
		{0DA6949E-FFA9-4F10-B4F5-DAF6837FD31B}.Debug|Any CPU.Build.0 = Debug|Any CPU
		{0DA6949E-FFA9-4F10-B4F5-DAF6837FD31B}.Release|Any CPU.ActiveCfg = Release|Any CPU
		{0DA6949E-FFA9-4F10-B4F5-DAF6837FD31B}.Release|Any CPU.Build.0 = Release|Any CPU
		{45738196-CE7D-4AFE-A71A-CF78E355EB62}.Debug|Any CPU.ActiveCfg = Debug|Any CPU
		{45738196-CE7D-4AFE-A71A-CF78E355EB62}.Debug|Any CPU.Build.0 = Debug|Any CPU
		{45738196-CE7D-4AFE-A71A-CF78E355EB62}.Release|Any CPU.ActiveCfg = Release|Any CPU
		{45738196-CE7D-4AFE-A71A-CF78E355EB62}.Release|Any CPU.Build.0 = Release|Any CPU
		{09E4DB99-C42B-4D25-8E97-748D5649AEB9}.Debug|Any CPU.ActiveCfg = Debug|Any CPU
		{09E4DB99-C42B-4D25-8E97-748D5649AEB9}.Debug|Any CPU.Build.0 = Debug|Any CPU
		{09E4DB99-C42B-4D25-8E97-748D5649AEB9}.Release|Any CPU.ActiveCfg = Release|Any CPU
		{09E4DB99-C42B-4D25-8E97-748D5649AEB9}.Release|Any CPU.Build.0 = Release|Any CPU
		{95A62E3F-C442-4F93-8266-53C4FE5B4614}.Debug|Any CPU.ActiveCfg = Debug|Any CPU
		{95A62E3F-C442-4F93-8266-53C4FE5B4614}.Debug|Any CPU.Build.0 = Debug|Any CPU
		{95A62E3F-C442-4F93-8266-53C4FE5B4614}.Release|Any CPU.ActiveCfg = Release|Any CPU
		{95A62E3F-C442-4F93-8266-53C4FE5B4614}.Release|Any CPU.Build.0 = Release|Any CPU
	EndGlobalSection
	GlobalSection(SolutionProperties) = preSolution
		HideSolutionNode = FALSE
	EndGlobalSection
	GlobalSection(ExtensibilityGlobals) = postSolution
		SolutionGuid = {86B86DB1-3718-416D-BEE8-6FECA27DD2BD}
	EndGlobalSection
EndGlobal
